# This file is automatically @generated by Poetry 1.8.3 and should not be changed by hand.

[[package]]
name = "cowsay"
version = "6.1"
description = "The famous cowsay for GNU/Linux is now available for python"
optional = false
python-versions = ">=3.8"
files = [
    {file = "cowsay-6.1-py3-none-any.whl", hash = "sha256:274b1e6fc1b966d53976333eb90ac94cb07a450a700b455af9fbdf882244b30a"},
]

[metadata]
lock-version = "2.0"
python-versions = "^3.11"
content-hash = "b2563b44e0bc47b5717a76c7d67b7e0325b100607e0ef02d80faf0322608bc6d"
